github.com/buger/jsonparser v1.1.1 h1:2PnMjfWD7wBILjqQbt530v576A/cAbQvEW9gGIpYMUs=
github.com/buger/jsonparser v1.1.1/go.mod h1:6RYKKt7H4d4+iWqouImQ9R2FZql3VbhNgx27UK13J/0=
github.com/shavac/httpunix v0.0.0-20231126201751-0a875664d5a6 h1:A/2cwo/a7K0hFOhNUQpblI9WPDbQlbwtRe0Zjzi6Jkw=
github.com/shavac/httpunix v0.0.0-20231126201751-0a875664d5a6/go.mod h1:UmV9+dgs677uY4Qi1bLGp5xMz5R9lrHtStXx/9egxBk=
